// !$*UTF8*$!
{
	archiveVersion = 1;
	classes = {
	};
	objectVersion = 48;
	objects = {

/* Begin PBXBuildFile section */
		2BDBFECF0974525CE2CBF593 /* Pods_Simple_Todo.framework in Frameworks */ = {isa = PBXBuildFile; fileRef = 0291BE325CE4005D3C29897C /* Pods_Simple_Todo.framework */; };
		490298391FF9CCA600D74BE0 /* NotificationCenter.framework in Frameworks */ = {isa = PBXBuildFile; fileRef = 490298381FF9CCA600D74BE0 /* NotificationCenter.framework */; };
		4902983F1FF9CCA600D74BE0 /* MainInterface.storyboard in Resources */ = {isa = PBXBuildFile; fileRef = 4902983D1FF9CCA600D74BE0 /* MainInterface.storyboard */; };
		490298431FF9CCA600D74BE0 /* QuickTodo.appex in Embed App Extensions */ = {isa = PBXBuildFile; fileRef = 490298371FF9CCA600D74BE0 /* QuickTodo.appex */; settings = {ATTRIBUTES = (RemoveHeadersOnCopy, ); }; };
		4902984B1FF9CD6400D74BE0 /* QuickTodoViewController.swift in Sources */ = {isa = PBXBuildFile; fileRef = 4902984A1FF9CD6400D74BE0 /* QuickTodoViewController.swift */; };
		490298541FF9E8D400D74BE0 /* ToDoItem.swift in Sources */ = {isa = PBXBuildFile; fileRef = 490298531FF9E8D400D74BE0 /* ToDoItem.swift */; };
		4912495F1FFAABDB00E9B5AA /* CheckBoxCell.swift in Sources */ = {isa = PBXBuildFile; fileRef = 4912495D1FFAABDB00E9B5AA /* CheckBoxCell.swift */; };
		491249601FFAABDB00E9B5AA /* CheckBoxCell.xib in Resources */ = {isa = PBXBuildFile; fileRef = 4912495E1FFAABDB00E9B5AA /* CheckBoxCell.xib */; };
		491743C91FF87D3A0026452D /* TodayTableView.swift in Sources */ = {isa = PBXBuildFile; fileRef = 491743C81FF87D3A0026452D /* TodayTableView.swift */; };
		491743CD1FF881FC0026452D /* TomorrowViewController.swift in Sources */ = {isa = PBXBuildFile; fileRef = 491743CC1FF881FC0026452D /* TomorrowViewController.swift */; };
		491743CF1FF885DE0026452D /* SwipeTableViewController.swift in Sources */ = {isa = PBXBuildFile; fileRef = 491743CE1FF885DE0026452D /* SwipeTableViewController.swift */; };
		491743D51FF887300026452D /* ToDoItem.swift in Sources */ = {isa = PBXBuildFile; fileRef = 491743D41FF887300026452D /* ToDoItem.swift */; };
		492452251FF6549C0089EAFE /* AppDelegate.swift in Sources */ = {isa = PBXBuildFile; fileRef = 492452241FF6549C0089EAFE /* AppDelegate.swift */; };
		4924522A1FF6549C0089EAFE /* Main.storyboard in Resources */ = {isa = PBXBuildFile; fileRef = 492452281FF6549C0089EAFE /* Main.storyboard */; };
		4924522C1FF6549C0089EAFE /* Assets.xcassets in Resources */ = {isa = PBXBuildFile; fileRef = 4924522B1FF6549C0089EAFE /* Assets.xcassets */; };
		4924522F1FF6549C0089EAFE /* LaunchScreen.storyboard in Resources */ = {isa = PBXBuildFile; fileRef = 4924522D1FF6549C0089EAFE /* LaunchScreen.storyboard */; };
		4960FEC62010FC490077CD6F /* SettingsViewController.swift in Sources */ = {isa = PBXBuildFile; fileRef = 4960FEC52010FC490077CD6F /* SettingsViewController.swift */; };
		4960FECB20110A650077CD6F /* ToggleCell.xib in Resources */ = {isa = PBXBuildFile; fileRef = 4960FEC920110A650077CD6F /* ToggleCell.xib */; };
		4960FECF20110A7D0077CD6F /* SelectionCell.xib in Resources */ = {isa = PBXBuildFile; fileRef = 4960FECD20110A7D0077CD6F /* SelectionCell.xib */; };
		49E3F99C20117A6200BE2ABB /* NotificationToggleCell.swift in Sources */ = {isa = PBXBuildFile; fileRef = 49E3F99B20117A6200BE2ABB /* NotificationToggleCell.swift */; };
		49E3F99E2011809800BE2ABB /* NotificationInvertvalCell.swift in Sources */ = {isa = PBXBuildFile; fileRef = 49E3F99D2011809800BE2ABB /* NotificationInvertvalCell.swift */; };
		83FD605A859F5A0DBF0D9C85 /* Pods_QuickTodo.framework in Frameworks */ = {isa = PBXBuildFile; fileRef = 1F3E59C4FEE9BAEA77DE2D63 /* Pods_QuickTodo.framework */; };
/* End PBXBuildFile section */

/* Begin PBXContainerItemProxy section */
		490298411FF9CCA600D74BE0 /* PBXContainerItemProxy */ = {
			isa = PBXContainerItemProxy;
			containerPortal = 492452191FF6549C0089EAFE /* Project object */;
			proxyType = 1;
			remoteGlobalIDString = 490298361FF9CCA600D74BE0;
			remoteInfo = QuickTodo;
		};
/* End PBXContainerItemProxy section */

/* Begin PBXCopyFilesBuildPhase section */
		490298471FF9CCA600D74BE0 /* Embed App Extensions */ = {
			isa = PBXCopyFilesBuildPhase;
			buildActionMask = 2147483647;
			dstPath = "";
			dstSubfolderSpec = 13;
			files = (
				490298431FF9CCA600D74BE0 /* QuickTodo.appex in Embed App Extensions */,
			);
			name = "Embed App Extensions";
			runOnlyForDeploymentPostprocessing = 0;
		};
/* End PBXCopyFilesBuildPhase section */

/* Begin PBXFileReference section */
		0291BE325CE4005D3C29897C /* Pods_Simple_Todo.framework */ = {isa = PBXFileReference; explicitFileType = wrapper.framework; includeInIndex = 0; path = Pods_Simple_Todo.framework; sourceTree = BUILT_PRODUCTS_DIR; };
		1F3E59C4FEE9BAEA77DE2D63 /* Pods_QuickTodo.framework */ = {isa = PBXFileReference; explicitFileType = wrapper.framework; includeInIndex = 0; path = Pods_QuickTodo.framework; sourceTree = BUILT_PRODUCTS_DIR; };
		3CFF189B778FC3C59E5E1BF4 /* Pods-QuickTodo.debug.xcconfig */ = {isa = PBXFileReference; includeInIndex = 1; lastKnownFileType = text.xcconfig; name = "Pods-QuickTodo.debug.xcconfig"; path = "Pods/Target Support Files/Pods-QuickTodo/Pods-QuickTodo.debug.xcconfig"; sourceTree = "<group>"; };
		490298371FF9CCA600D74BE0 /* QuickTodo.appex */ = {isa = PBXFileReference; explicitFileType = "wrapper.app-extension"; includeInIndex = 0; path = QuickTodo.appex; sourceTree = BUILT_PRODUCTS_DIR; };
		490298381FF9CCA600D74BE0 /* NotificationCenter.framework */ = {isa = PBXFileReference; lastKnownFileType = wrapper.framework; name = NotificationCenter.framework; path = System/Library/Frameworks/NotificationCenter.framework; sourceTree = SDKROOT; };
		4902983E1FF9CCA600D74BE0 /* Base */ = {isa = PBXFileReference; lastKnownFileType = file.storyboard; name = Base; path = Base.lproj/MainInterface.storyboard; sourceTree = "<group>"; };
		490298401FF9CCA600D74BE0 /* Info.plist */ = {isa = PBXFileReference; lastKnownFileType = text.plist.xml; path = Info.plist; sourceTree = "<group>"; };
		4902984A1FF9CD6400D74BE0 /* QuickTodoViewController.swift */ = {isa = PBXFileReference; lastKnownFileType = sourcecode.swift; path = QuickTodoViewController.swift; sourceTree = "<group>"; };
		490298501FF9E2C900D74BE0 /* Simple Todo.entitlements */ = {isa = PBXFileReference; lastKnownFileType = text.plist.entitlements; path = "Simple Todo.entitlements"; sourceTree = "<group>"; };
		490298511FF9E60100D74BE0 /* QuickTodo.entitlements */ = {isa = PBXFileReference; lastKnownFileType = text.plist.entitlements; path = QuickTodo.entitlements; sourceTree = "<group>"; };
		490298531FF9E8D400D74BE0 /* ToDoItem.swift */ = {isa = PBXFileReference; lastKnownFileType = sourcecode.swift; path = ToDoItem.swift; sourceTree = "<group>"; };
		4912495D1FFAABDB00E9B5AA /* CheckBoxCell.swift */ = {isa = PBXFileReference; lastKnownFileType = sourcecode.swift; path = CheckBoxCell.swift; sourceTree = "<group>"; };
		4912495E1FFAABDB00E9B5AA /* CheckBoxCell.xib */ = {isa = PBXFileReference; lastKnownFileType = file.xib; path = CheckBoxCell.xib; sourceTree = "<group>"; };
		491743C81FF87D3A0026452D /* TodayTableView.swift */ = {isa = PBXFileReference; fileEncoding = 4; lastKnownFileType = sourcecode.swift; path = TodayTableView.swift; sourceTree = "<group>"; };
		491743CC1FF881FC0026452D /* TomorrowViewController.swift */ = {isa = PBXFileReference; lastKnownFileType = sourcecode.swift; path = TomorrowViewController.swift; sourceTree = "<group>"; };
		491743CE1FF885DE0026452D /* SwipeTableViewController.swift */ = {isa = PBXFileReference; lastKnownFileType = sourcecode.swift; path = SwipeTableViewController.swift; sourceTree = "<group>"; };
		491743D41FF887300026452D /* ToDoItem.swift */ = {isa = PBXFileReference; lastKnownFileType = sourcecode.swift; path = ToDoItem.swift; sourceTree = "<group>"; };
		492452211FF6549C0089EAFE /* Simple Todo.app */ = {isa = PBXFileReference; explicitFileType = wrapper.application; includeInIndex = 0; path = "Simple Todo.app"; sourceTree = BUILT_PRODUCTS_DIR; };
		492452241FF6549C0089EAFE /* AppDelegate.swift */ = {isa = PBXFileReference; lastKnownFileType = sourcecode.swift; path = AppDelegate.swift; sourceTree = "<group>"; };
		492452291FF6549C0089EAFE /* Base */ = {isa = PBXFileReference; lastKnownFileType = file.storyboard; name = Base; path = Base.lproj/Main.storyboard; sourceTree = "<group>"; };
		4924522B1FF6549C0089EAFE /* Assets.xcassets */ = {isa = PBXFileReference; lastKnownFileType = folder.assetcatalog; path = Assets.xcassets; sourceTree = "<group>"; };
		4924522E1FF6549C0089EAFE /* Base */ = {isa = PBXFileReference; lastKnownFileType = file.storyboard; name = Base; path = Base.lproj/LaunchScreen.storyboard; sourceTree = "<group>"; };
		492452301FF6549C0089EAFE /* Info.plist */ = {isa = PBXFileReference; lastKnownFileType = text.plist.xml; path = Info.plist; sourceTree = "<group>"; };
		4960FEC52010FC490077CD6F /* SettingsViewController.swift */ = {isa = PBXFileReference; lastKnownFileType = sourcecode.swift; path = SettingsViewController.swift; sourceTree = "<group>"; };
		4960FEC920110A650077CD6F /* ToggleCell.xib */ = {isa = PBXFileReference; lastKnownFileType = file.xib; path = ToggleCell.xib; sourceTree = "<group>"; };
		4960FECD20110A7D0077CD6F /* SelectionCell.xib */ = {isa = PBXFileReference; lastKnownFileType = file.xib; path = SelectionCell.xib; sourceTree = "<group>"; };
		49E3F99B20117A6200BE2ABB /* NotificationToggleCell.swift */ = {isa = PBXFileReference; lastKnownFileType = sourcecode.swift; path = NotificationToggleCell.swift; sourceTree = "<group>"; };
		49E3F99D2011809800BE2ABB /* NotificationInvertvalCell.swift */ = {isa = PBXFileReference; lastKnownFileType = sourcecode.swift; path = NotificationInvertvalCell.swift; sourceTree = "<group>"; };
		8A8B9357B5412BC1C852D1FE /* Pods-QuickTodo.release.xcconfig */ = {isa = PBXFileReference; includeInIndex = 1; lastKnownFileType = text.xcconfig; name = "Pods-QuickTodo.release.xcconfig"; path = "Pods/Target Support Files/Pods-QuickTodo/Pods-QuickTodo.release.xcconfig"; sourceTree = "<group>"; };
		B4B4D6DC9A27364C633E30F0 /* Pods-Simple Todo.debug.xcconfig */ = {isa = PBXFileReference; includeInIndex = 1; lastKnownFileType = text.xcconfig; name = "Pods-Simple Todo.debug.xcconfig"; path = "Pods/Target Support Files/Pods-Simple Todo/Pods-Simple Todo.debug.xcconfig"; sourceTree = "<group>"; };
		B74F18DB53F4372B2813FE70 /* Pods-Simple Todo.release.xcconfig */ = {isa = PBXFileReference; includeInIndex = 1; lastKnownFileType = text.xcconfig; name = "Pods-Simple Todo.release.xcconfig"; path = "Pods/Target Support Files/Pods-Simple Todo/Pods-Simple Todo.release.xcconfig"; sourceTree = "<group>"; };
/* End PBXFileReference section */

/* Begin PBXFrameworksBuildPhase section */
		490298341FF9CCA600D74BE0 /* Frameworks */ = {
			isa = PBXFrameworksBuildPhase;
			buildActionMask = 2147483647;
			files = (
				490298391FF9CCA600D74BE0 /* NotificationCenter.framework in Frameworks */,
				83FD605A859F5A0DBF0D9C85 /* Pods_QuickTodo.framework in Frameworks */,
			);
			runOnlyForDeploymentPostprocessing = 0;
		};
		4924521E1FF6549C0089EAFE /* Frameworks */ = {
			isa = PBXFrameworksBuildPhase;
			buildActionMask = 2147483647;
			files = (
				2BDBFECF0974525CE2CBF593 /* Pods_Simple_Todo.framework in Frameworks */,
			);
			runOnlyForDeploymentPostprocessing = 0;
		};
/* End PBXFrameworksBuildPhase section */

/* Begin PBXGroup section */
		4902983A1FF9CCA600D74BE0 /* QuickTodo */ = {
			isa = PBXGroup;
			children = (
				491249521FFAA52200E9B5AA /* CheckBoxCell */,
				490298521FF9E8AE00D74BE0 /* Data Model */,
				490298511FF9E60100D74BE0 /* QuickTodo.entitlements */,
				491249501FFAA50900E9B5AA /* Controllers */,
				491249511FFAA51500E9B5AA /* Views */,
				490298401FF9CCA600D74BE0 /* Info.plist */,
			);
			path = QuickTodo;
			sourceTree = "<group>";
		};
		490298521FF9E8AE00D74BE0 /* Data Model */ = {
			isa = PBXGroup;
			children = (
				490298531FF9E8D400D74BE0 /* ToDoItem.swift */,
			);
			path = "Data Model";
			sourceTree = "<group>";
		};
		491249501FFAA50900E9B5AA /* Controllers */ = {
			isa = PBXGroup;
			children = (
				4902984A1FF9CD6400D74BE0 /* QuickTodoViewController.swift */,
			);
			path = Controllers;
			sourceTree = "<group>";
		};
		491249511FFAA51500E9B5AA /* Views */ = {
			isa = PBXGroup;
			children = (
				4902983D1FF9CCA600D74BE0 /* MainInterface.storyboard */,
			);
			path = Views;
			sourceTree = "<group>";
		};
		491249521FFAA52200E9B5AA /* CheckBoxCell */ = {
			isa = PBXGroup;
			children = (
				4912495D1FFAABDB00E9B5AA /* CheckBoxCell.swift */,
				4912495E1FFAABDB00E9B5AA /* CheckBoxCell.xib */,
			);
			path = CheckBoxCell;
			sourceTree = "<group>";
		};
		491743D01FF886800026452D /* Controllers */ = {
			isa = PBXGroup;
			children = (
				491743C81FF87D3A0026452D /* TodayTableView.swift */,
				491743CE1FF885DE0026452D /* SwipeTableViewController.swift */,
				491743CC1FF881FC0026452D /* TomorrowViewController.swift */,
				4960FEC52010FC490077CD6F /* SettingsViewController.swift */,
			);
			path = Controllers;
			sourceTree = "<group>";
		};
		491743D11FF886BE0026452D /* Views */ = {
			isa = PBXGroup;
			children = (
				492452281FF6549C0089EAFE /* Main.storyboard */,
			);
			path = Views;
			sourceTree = "<group>";
		};
		491743D21FF886D70026452D /* Supporting Files */ = {
			isa = PBXGroup;
			children = (
				4924522B1FF6549C0089EAFE /* Assets.xcassets */,
				4924522D1FF6549C0089EAFE /* LaunchScreen.storyboard */,
			);
			path = "Supporting Files";
			sourceTree = "<group>";
		};
		491743D31FF8870D0026452D /* Data Model */ = {
			isa = PBXGroup;
			children = (
				491743D41FF887300026452D /* ToDoItem.swift */,
			);
			path = "Data Model";
			sourceTree = "<group>";
		};
		492452181FF6549C0089EAFE = {
			isa = PBXGroup;
			children = (
				492452231FF6549C0089EAFE /* Simple Todo */,
				4902983A1FF9CCA600D74BE0 /* QuickTodo */,
				492452221FF6549C0089EAFE /* Products */,
				793149FF3B65830A2290EBA9 /* Frameworks */,
				A1AE0C66D45E2C7AD89543F5 /* Pods */,
			);
			sourceTree = "<group>";
		};
		492452221FF6549C0089EAFE /* Products */ = {
			isa = PBXGroup;
			children = (
				492452211FF6549C0089EAFE /* Simple Todo.app */,
				490298371FF9CCA600D74BE0 /* QuickTodo.appex */,
			);
			name = Products;
			sourceTree = "<group>";
		};
		492452231FF6549C0089EAFE /* Simple Todo */ = {
			isa = PBXGroup;
			children = (
				492452301FF6549C0089EAFE /* Info.plist */,
				490298501FF9E2C900D74BE0 /* Simple Todo.entitlements */,
				492452241FF6549C0089EAFE /* AppDelegate.swift */,
				491743D31FF8870D0026452D /* Data Model */,
				491743D01FF886800026452D /* Controllers */,
				4960FEC720110A2B0077CD6F /* Custom Cells */,
				491743D11FF886BE0026452D /* Views */,
				491743D21FF886D70026452D /* Supporting Files */,
			);
			path = "Simple Todo";
			sourceTree = "<group>";
		};
		4960FEC720110A2B0077CD6F /* Custom Cells */ = {
			isa = PBXGroup;
			children = (
				49E3F99B20117A6200BE2ABB /* NotificationToggleCell.swift */,
				4960FEC920110A650077CD6F /* ToggleCell.xib */,
				49E3F99D2011809800BE2ABB /* NotificationInvertvalCell.swift */,
				4960FECD20110A7D0077CD6F /* SelectionCell.xib */,
			);
			path = "Custom Cells";
			sourceTree = "<group>";
		};
		793149FF3B65830A2290EBA9 /* Frameworks */ = {
			isa = PBXGroup;
			children = (
				0291BE325CE4005D3C29897C /* Pods_Simple_Todo.framework */,
				490298381FF9CCA600D74BE0 /* NotificationCenter.framework */,
				1F3E59C4FEE9BAEA77DE2D63 /* Pods_QuickTodo.framework */,
			);
			name = Frameworks;
			sourceTree = "<group>";
		};
		A1AE0C66D45E2C7AD89543F5 /* Pods */ = {
			isa = PBXGroup;
			children = (
				3CFF189B778FC3C59E5E1BF4 /* Pods-QuickTodo.debug.xcconfig */,
				8A8B9357B5412BC1C852D1FE /* Pods-QuickTodo.release.xcconfig */,
				B4B4D6DC9A27364C633E30F0 /* Pods-Simple Todo.debug.xcconfig */,
				B74F18DB53F4372B2813FE70 /* Pods-Simple Todo.release.xcconfig */,
			);
			name = Pods;
			sourceTree = "<group>";
		};
/* End PBXGroup section */

/* Begin PBXNativeTarget section */
		490298361FF9CCA600D74BE0 /* QuickTodo */ = {
			isa = PBXNativeTarget;
			buildConfigurationList = 490298441FF9CCA600D74BE0 /* Build configuration list for PBXNativeTarget "QuickTodo" */;
			buildPhases = (
				00F358EA630015B0527D73AE /* [CP] Check Pods Manifest.lock */,
				490298331FF9CCA600D74BE0 /* Sources */,
				490298341FF9CCA600D74BE0 /* Frameworks */,
				490298351FF9CCA600D74BE0 /* Resources */,
				CE8002E06DB46B2ED64128D0 /* [CP] Copy Pods Resources */,
			);
			buildRules = (
			);
			dependencies = (
			);
			name = QuickTodo;
			productName = QuickTodo;
			productReference = 490298371FF9CCA600D74BE0 /* QuickTodo.appex */;
			productType = "com.apple.product-type.app-extension";
		};
		492452201FF6549C0089EAFE /* Simple Todo */ = {
			isa = PBXNativeTarget;
			buildConfigurationList = 492452331FF6549C0089EAFE /* Build configuration list for PBXNativeTarget "Simple Todo" */;
			buildPhases = (
				2C3F85DD09CDF2AA4E3E17B5 /* [CP] Check Pods Manifest.lock */,
				4924521D1FF6549C0089EAFE /* Sources */,
				4924521E1FF6549C0089EAFE /* Frameworks */,
				4924521F1FF6549C0089EAFE /* Resources */,
				4F17342307C965F30727A756 /* [CP] Embed Pods Frameworks */,
				04B5D9AB9095C49809E13942 /* [CP] Copy Pods Resources */,
				490298471FF9CCA600D74BE0 /* Embed App Extensions */,
			);
			buildRules = (
			);
			dependencies = (
				490298421FF9CCA600D74BE0 /* PBXTargetDependency */,
			);
			name = "Simple Todo";
			productName = "Simple Todo";
			productReference = 492452211FF6549C0089EAFE /* Simple Todo.app */;
			productType = "com.apple.product-type.application";
		};
/* End PBXNativeTarget section */

/* Begin PBXProject section */
		492452191FF6549C0089EAFE /* Project object */ = {
			isa = PBXProject;
			attributes = {
				LastSwiftUpdateCheck = 0910;
				LastUpgradeCheck = 0910;
				ORGANIZATIONNAME = "Andrew Viteri";
				TargetAttributes = {
					490298361FF9CCA600D74BE0 = {
						CreatedOnToolsVersion = 9.1;
						LastSwiftMigration = 0920;
						ProvisioningStyle = Automatic;
						SystemCapabilities = {
							com.apple.ApplicationGroups.iOS = {
								enabled = 1;
							};
						};
					};
					492452201FF6549C0089EAFE = {
						CreatedOnToolsVersion = 9.1;
						ProvisioningStyle = Automatic;
						SystemCapabilities = {
							com.apple.ApplicationGroups.iOS = {
								enabled = 1;
							};
						};
					};
				};
			};
			buildConfigurationList = 4924521C1FF6549C0089EAFE /* Build configuration list for PBXProject "Today Tomorrow" */;
			compatibilityVersion = "Xcode 8.0";
			developmentRegion = en;
			hasScannedForEncodings = 0;
			knownRegions = (
				en,
				Base,
			);
			mainGroup = 492452181FF6549C0089EAFE;
			productRefGroup = 492452221FF6549C0089EAFE /* Products */;
			projectDirPath = "";
			projectRoot = "";
			targets = (
				492452201FF6549C0089EAFE /* Simple Todo */,
				490298361FF9CCA600D74BE0 /* QuickTodo */,
			);
		};
/* End PBXProject section */

/* Begin PBXResourcesBuildPhase section */
		490298351FF9CCA600D74BE0 /* Resources */ = {
			isa = PBXResourcesBuildPhase;
			buildActionMask = 2147483647;
			files = (
				491249601FFAABDB00E9B5AA /* CheckBoxCell.xib in Resources */,
				4902983F1FF9CCA600D74BE0 /* MainInterface.storyboard in Resources */,
			);
			runOnlyForDeploymentPostprocessing = 0;
		};
		4924521F1FF6549C0089EAFE /* Resources */ = {
			isa = PBXResourcesBuildPhase;
			buildActionMask = 2147483647;
			files = (
				4924522F1FF6549C0089EAFE /* LaunchScreen.storyboard in Resources */,
				4960FECB20110A650077CD6F /* ToggleCell.xib in Resources */,
				4924522C1FF6549C0089EAFE /* Assets.xcassets in Resources */,
				4960FECF20110A7D0077CD6F /* SelectionCell.xib in Resources */,
				4924522A1FF6549C0089EAFE /* Main.storyboard in Resources */,
			);
			runOnlyForDeploymentPostprocessing = 0;
		};
/* End PBXResourcesBuildPhase section */

/* Begin PBXShellScriptBuildPhase section */
		00F358EA630015B0527D73AE /* [CP] Check Pods Manifest.lock */ = {
			isa = PBXShellScriptBuildPhase;
			buildActionMask = 2147483647;
			files = (
			);
			inputPaths = (
				"${PODS_PODFILE_DIR_PATH}/Podfile.lock",
				"${PODS_ROOT}/Manifest.lock",
			);
			name = "[CP] Check Pods Manifest.lock";
			outputPaths = (
				"$(DERIVED_FILE_DIR)/Pods-QuickTodo-checkManifestLockResult.txt",
			);
			runOnlyForDeploymentPostprocessing = 0;
			shellPath = /bin/sh;
			shellScript = "diff \"${PODS_PODFILE_DIR_PATH}/Podfile.lock\" \"${PODS_ROOT}/Manifest.lock\" > /dev/null\nif [ $? != 0 ] ; then\n    # print error to STDERR\n    echo \"error: The sandbox is not in sync with the Podfile.lock. Run 'pod install' or update your CocoaPods installation.\" >&2\n    exit 1\nfi\n# This output is used by Xcode 'outputs' to avoid re-running this script phase.\necho \"SUCCESS\" > \"${SCRIPT_OUTPUT_FILE_0}\"\n";
			showEnvVarsInLog = 0;
		};
		04B5D9AB9095C49809E13942 /* [CP] Copy Pods Resources */ = {
			isa = PBXShellScriptBuildPhase;
			buildActionMask = 2147483647;
			files = (
			);
			inputPaths = (
			);
			name = "[CP] Copy Pods Resources";
			outputPaths = (
			);
			runOnlyForDeploymentPostprocessing = 0;
			shellPath = /bin/sh;
			shellScript = "\"${SRCROOT}/Pods/Target Support Files/Pods-Simple Todo/Pods-Simple Todo-resources.sh\"\n";
			showEnvVarsInLog = 0;
		};
		2C3F85DD09CDF2AA4E3E17B5 /* [CP] Check Pods Manifest.lock */ = {
			isa = PBXShellScriptBuildPhase;
			buildActionMask = 2147483647;
			files = (
			);
			inputPaths = (
				"${PODS_PODFILE_DIR_PATH}/Podfile.lock",
				"${PODS_ROOT}/Manifest.lock",
			);
			name = "[CP] Check Pods Manifest.lock";
			outputPaths = (
				"$(DERIVED_FILE_DIR)/Pods-Simple Todo-checkManifestLockResult.txt",
			);
			runOnlyForDeploymentPostprocessing = 0;
			shellPath = /bin/sh;
			shellScript = "diff \"${PODS_PODFILE_DIR_PATH}/Podfile.lock\" \"${PODS_ROOT}/Manifest.lock\" > /dev/null\nif [ $? != 0 ] ; then\n    # print error to STDERR\n    echo \"error: The sandbox is not in sync with the Podfile.lock. Run 'pod install' or update your CocoaPods installation.\" >&2\n    exit 1\nfi\n# This output is used by Xcode 'outputs' to avoid re-running this script phase.\necho \"SUCCESS\" > \"${SCRIPT_OUTPUT_FILE_0}\"\n";
			showEnvVarsInLog = 0;
		};
		4F17342307C965F30727A756 /* [CP] Embed Pods Frameworks */ = {
			isa = PBXShellScriptBuildPhase;
			buildActionMask = 2147483647;
			files = (
			);
			inputPaths = (
				"${SRCROOT}/Pods/Target Support Files/Pods-Simple Todo/Pods-Simple Todo-frameworks.sh",
				"${BUILT_PRODUCTS_DIR}/Realm/Realm.framework",
				"${BUILT_PRODUCTS_DIR}/RealmSwift/RealmSwift.framework",
				"${BUILT_PRODUCTS_DIR}/SwiftDate/SwiftDate.framework",
				"${BUILT_PRODUCTS_DIR}/SwipeCellKit/SwipeCellKit.framework",
				"${BUILT_PRODUCTS_DIR}/BEMCheckBox/BEMCheckBox.framework",
			);
			name = "[CP] Embed Pods Frameworks";
			outputPaths = (
				"${TARGET_BUILD_DIR}/${FRAMEWORKS_FOLDER_PATH}/Realm.framework",
				"${TARGET_BUILD_DIR}/${FRAMEWORKS_FOLDER_PATH}/RealmSwift.framework",
				"${TARGET_BUILD_DIR}/${FRAMEWORKS_FOLDER_PATH}/SwiftDate.framework",
				"${TARGET_BUILD_DIR}/${FRAMEWORKS_FOLDER_PATH}/SwipeCellKit.framework",
				"${TARGET_BUILD_DIR}/${FRAMEWORKS_FOLDER_PATH}/BEMCheckBox.framework",
			);
			runOnlyForDeploymentPostprocessing = 0;
			shellPath = /bin/sh;
			shellScript = "\"${SRCROOT}/Pods/Target Support Files/Pods-Simple Todo/Pods-Simple Todo-frameworks.sh\"\n";
			showEnvVarsInLog = 0;
		};
		CE8002E06DB46B2ED64128D0 /* [CP] Copy Pods Resources */ = {
			isa = PBXShellScriptBuildPhase;
			buildActionMask = 2147483647;
			files = (
			);
			inputPaths = (
			);
			name = "[CP] Copy Pods Resources";
			outputPaths = (
			);
			runOnlyForDeploymentPostprocessing = 0;
			shellPath = /bin/sh;
			shellScript = "\"${SRCROOT}/Pods/Target Support Files/Pods-QuickTodo/Pods-QuickTodo-resources.sh\"\n";
			showEnvVarsInLog = 0;
		};
/* End PBXShellScriptBuildPhase section */

/* Begin PBXSourcesBuildPhase section */
		490298331FF9CCA600D74BE0 /* Sources */ = {
			isa = PBXSourcesBuildPhase;
			buildActionMask = 2147483647;
			files = (
				4912495F1FFAABDB00E9B5AA /* CheckBoxCell.swift in Sources */,
				490298541FF9E8D400D74BE0 /* ToDoItem.swift in Sources */,
				4902984B1FF9CD6400D74BE0 /* QuickTodoViewController.swift in Sources */,
			);
			runOnlyForDeploymentPostprocessing = 0;
		};
		4924521D1FF6549C0089EAFE /* Sources */ = {
			isa = PBXSourcesBuildPhase;
			buildActionMask = 2147483647;
			files = (
				492452251FF6549C0089EAFE /* AppDelegate.swift in Sources */,
				491743D51FF887300026452D /* ToDoItem.swift in Sources */,
				491743C91FF87D3A0026452D /* TodayTableView.swift in Sources */,
				491743CD1FF881FC0026452D /* TomorrowViewController.swift in Sources */,
				49E3F99E2011809800BE2ABB /* NotificationInvertvalCell.swift in Sources */,
				491743CF1FF885DE0026452D /* SwipeTableViewController.swift in Sources */,
				4960FEC62010FC490077CD6F /* SettingsViewController.swift in Sources */,
				49E3F99C20117A6200BE2ABB /* NotificationToggleCell.swift in Sources */,
			);
			runOnlyForDeploymentPostprocessing = 0;
		};
/* End PBXSourcesBuildPhase section */

/* Begin PBXTargetDependency section */
		490298421FF9CCA600D74BE0 /* PBXTargetDependency */ = {
			isa = PBXTargetDependency;
			target = 490298361FF9CCA600D74BE0 /* QuickTodo */;
			targetProxy = 490298411FF9CCA600D74BE0 /* PBXContainerItemProxy */;
		};
/* End PBXTargetDependency section */

/* Begin PBXVariantGroup section */
		4902983D1FF9CCA600D74BE0 /* MainInterface.storyboard */ = {
			isa = PBXVariantGroup;
			children = (
				4902983E1FF9CCA600D74BE0 /* Base */,
			);
			name = MainInterface.storyboard;
			sourceTree = "<group>";
		};
		492452281FF6549C0089EAFE /* Main.storyboard */ = {
			isa = PBXVariantGroup;
			children = (
				492452291FF6549C0089EAFE /* Base */,
			);
			name = Main.storyboard;
			sourceTree = "<group>";
		};
		4924522D1FF6549C0089EAFE /* LaunchScreen.storyboard */ = {
			isa = PBXVariantGroup;
			children = (
				4924522E1FF6549C0089EAFE /* Base */,
			);
			name = LaunchScreen.storyboard;
			sourceTree = "<group>";
		};
/* End PBXVariantGroup section */

/* Begin XCBuildConfiguration section */
		490298451FF9CCA600D74BE0 /* Debug */ = {
			isa = XCBuildConfiguration;
			baseConfigurationReference = 3CFF189B778FC3C59E5E1BF4 /* Pods-QuickTodo.debug.xcconfig */;
			buildSettings = {
				CLANG_ENABLE_MODULES = YES;
				CODE_SIGN_ENTITLEMENTS = QuickTodo/QuickTodo.entitlements;
				CODE_SIGN_STYLE = Automatic;
				DEVELOPMENT_TEAM = 5AD3GF88X5;
				INFOPLIST_FILE = QuickTodo/Info.plist;
				IPHONEOS_DEPLOYMENT_TARGET = 11.0;
				LD_RUNPATH_SEARCH_PATHS = "$(inherited) @executable_path/Frameworks @executable_path/../../Frameworks";
				PRODUCT_BUNDLE_IDENTIFIER = "com.aviteri.Simple-Todo.QuickTodo";
				PRODUCT_NAME = "$(TARGET_NAME)";
				SKIP_INSTALL = YES;
				SWIFT_INSTALL_OBJC_HEADER = NO;
				SWIFT_OBJC_BRIDGING_HEADER = "";
				SWIFT_OBJC_INTERFACE_HEADER_NAME = "";
				SWIFT_OPTIMIZATION_LEVEL = "-Onone";
				SWIFT_VERSION = 4.0;
				TARGETED_DEVICE_FAMILY = "1,2";
			};
			name = Debug;
		};
		490298461FF9CCA600D74BE0 /* Release */ = {
			isa = XCBuildConfiguration;
			baseConfigurationReference = 8A8B9357B5412BC1C852D1FE /* Pods-QuickTodo.release.xcconfig */;
			buildSettings = {
				CLANG_ENABLE_MODULES = YES;
				CODE_SIGN_ENTITLEMENTS = QuickTodo/QuickTodo.entitlements;
				CODE_SIGN_STYLE = Automatic;
				DEVELOPMENT_TEAM = 5AD3GF88X5;
				INFOPLIST_FILE = QuickTodo/Info.plist;
				IPHONEOS_DEPLOYMENT_TARGET = 11.0;
				LD_RUNPATH_SEARCH_PATHS = "$(inherited) @executable_path/Frameworks @executable_path/../../Frameworks";
				PRODUCT_BUNDLE_IDENTIFIER = "com.aviteri.Simple-Todo.QuickTodo";
				PRODUCT_NAME = "$(TARGET_NAME)";
				SKIP_INSTALL = YES;
				SWIFT_INSTALL_OBJC_HEADER = NO;
				SWIFT_OBJC_BRIDGING_HEADER = "";
				SWIFT_OBJC_INTERFACE_HEADER_NAME = "";
				SWIFT_VERSION = 4.0;
				TARGETED_DEVICE_FAMILY = "1,2";
			};
			name = Release;
		};
		492452311FF6549C0089EAFE /* Debug */ = {
			isa = XCBuildConfiguration;
			buildSettings = {
				ALWAYS_SEARCH_USER_PATHS = NO;
				CLANG_ANALYZER_NONNULL = YES;
				CLANG_ANALYZER_NUMBER_OBJECT_CONVERSION = YES_AGGRESSIVE;
				CLANG_CXX_LANGUAGE_STANDARD = "gnu++14";
				CLANG_CXX_LIBRARY = "libc++";
				CLANG_ENABLE_MODULES = YES;
				CLANG_ENABLE_OBJC_ARC = YES;
				CLANG_WARN_BLOCK_CAPTURE_AUTORELEASING = YES;
				CLANG_WARN_BOOL_CONVERSION = YES;
				CLANG_WARN_COMMA = YES;
				CLANG_WARN_CONSTANT_CONVERSION = YES;
				CLANG_WARN_DIRECT_OBJC_ISA_USAGE = YES_ERROR;
				CLANG_WARN_DOCUMENTATION_COMMENTS = YES;
				CLANG_WARN_EMPTY_BODY = YES;
				CLANG_WARN_ENUM_CONVERSION = YES;
				CLANG_WARN_INFINITE_RECURSION = YES;
				CLANG_WARN_INT_CONVERSION = YES;
				CLANG_WARN_NON_LITERAL_NULL_CONVERSION = YES;
				CLANG_WARN_OBJC_LITERAL_CONVERSION = YES;
				CLANG_WARN_OBJC_ROOT_CLASS = YES_ERROR;
				CLANG_WARN_RANGE_LOOP_ANALYSIS = YES;
				CLANG_WARN_STRICT_PROTOTYPES = YES;
				CLANG_WARN_SUSPICIOUS_MOVE = YES;
				CLANG_WARN_UNGUARDED_AVAILABILITY = YES_AGGRESSIVE;
				CLANG_WARN_UNREACHABLE_CODE = YES;
				CLANG_WARN__DUPLICATE_METHOD_MATCH = YES;
				CODE_SIGN_IDENTITY = "iPhone Developer";
				COPY_PHASE_STRIP = NO;
				DEBUG_INFORMATION_FORMAT = dwarf;
				ENABLE_STRICT_OBJC_MSGSEND = YES;
				ENABLE_TESTABILITY = YES;
				GCC_C_LANGUAGE_STANDARD = gnu11;
				GCC_DYNAMIC_NO_PIC = NO;
				GCC_NO_COMMON_BLOCKS = YES;
				GCC_OPTIMIZATION_LEVEL = 0;
				GCC_PREPROCESSOR_DEFINITIONS = (
					"DEBUG=1",
					"$(inherited)",
				);
				GCC_WARN_64_TO_32_BIT_CONVERSION = YES;
				GCC_WARN_ABOUT_RETURN_TYPE = YES_ERROR;
				GCC_WARN_UNDECLARED_SELECTOR = YES;
				GCC_WARN_UNINITIALIZED_AUTOS = YES_AGGRESSIVE;
				GCC_WARN_UNUSED_FUNCTION = YES;
				GCC_WARN_UNUSED_VARIABLE = YES;
				IPHONEOS_DEPLOYMENT_TARGET = 11.1;
				MTL_ENABLE_DEBUG_INFO = YES;
				ONLY_ACTIVE_ARCH = YES;
				SDKROOT = iphoneos;
				SWIFT_ACTIVE_COMPILATION_CONDITIONS = DEBUG;
				SWIFT_OPTIMIZATION_LEVEL = "-Onone";
			};
			name = Debug;
		};
		492452321FF6549C0089EAFE /* Release */ = {
			isa = XCBuildConfiguration;
			buildSettings = {
				ALWAYS_SEARCH_USER_PATHS = NO;
				CLANG_ANALYZER_NONNULL = YES;
				CLANG_ANALYZER_NUMBER_OBJECT_CONVERSION = YES_AGGRESSIVE;
				CLANG_CXX_LANGUAGE_STANDARD = "gnu++14";
				CLANG_CXX_LIBRARY = "libc++";
				CLANG_ENABLE_MODULES = YES;
				CLANG_ENABLE_OBJC_ARC = YES;
				CLANG_WARN_BLOCK_CAPTURE_AUTORELEASING = YES;
				CLANG_WARN_BOOL_CONVERSION = YES;
				CLANG_WARN_COMMA = YES;
				CLANG_WARN_CONSTANT_CONVERSION = YES;
				CLANG_WARN_DIRECT_OBJC_ISA_USAGE = YES_ERROR;
				CLANG_WARN_DOCUMENTATION_COMMENTS = YES;
				CLANG_WARN_EMPTY_BODY = YES;
				CLANG_WARN_ENUM_CONVERSION = YES;
				CLANG_WARN_INFINITE_RECURSION = YES;
				CLANG_WARN_INT_CONVERSION = YES;
				CLANG_WARN_NON_LITERAL_NULL_CONVERSION = YES;
				CLANG_WARN_OBJC_LITERAL_CONVERSION = YES;
				CLANG_WARN_OBJC_ROOT_CLASS = YES_ERROR;
				CLANG_WARN_RANGE_LOOP_ANALYSIS = YES;
				CLANG_WARN_STRICT_PROTOTYPES = YES;
				CLANG_WARN_SUSPICIOUS_MOVE = YES;
				CLANG_WARN_UNGUARDED_AVAILABILITY = YES_AGGRESSIVE;
				CLANG_WARN_UNREACHABLE_CODE = YES;
				CLANG_WARN__DUPLICATE_METHOD_MATCH = YES;
				CODE_SIGN_IDENTITY = "iPhone Developer";
				COPY_PHASE_STRIP = NO;
				DEBUG_INFORMATION_FORMAT = "dwarf-with-dsym";
				ENABLE_NS_ASSERTIONS = NO;
				ENABLE_STRICT_OBJC_MSGSEND = YES;
				GCC_C_LANGUAGE_STANDARD = gnu11;
				GCC_NO_COMMON_BLOCKS = YES;
				GCC_WARN_64_TO_32_BIT_CONVERSION = YES;
				GCC_WARN_ABOUT_RETURN_TYPE = YES_ERROR;
				GCC_WARN_UNDECLARED_SELECTOR = YES;
				GCC_WARN_UNINITIALIZED_AUTOS = YES_AGGRESSIVE;
				GCC_WARN_UNUSED_FUNCTION = YES;
				GCC_WARN_UNUSED_VARIABLE = YES;
				IPHONEOS_DEPLOYMENT_TARGET = 11.1;
				MTL_ENABLE_DEBUG_INFO = NO;
				SDKROOT = iphoneos;
				SWIFT_OPTIMIZATION_LEVEL = "-Owholemodule";
				VALIDATE_PRODUCT = YES;
			};
			name = Release;
		};
		492452341FF6549C0089EAFE /* Debug */ = {
			isa = XCBuildConfiguration;
			baseConfigurationReference = B4B4D6DC9A27364C633E30F0 /* Pods-Simple Todo.debug.xcconfig */;
			buildSettings = {
				ALWAYS_EMBED_SWIFT_STANDARD_LIBRARIES = YES;
				ASSETCATALOG_COMPILER_APPICON_NAME = AppIcon;
				CODE_SIGN_ENTITLEMENTS = "Simple Todo/Simple Todo.entitlements";
				CODE_SIGN_STYLE = Automatic;
				DEVELOPMENT_TEAM = 5AD3GF88X5;
				INFOPLIST_FILE = "Simple Todo/Info.plist";
				IPHONEOS_DEPLOYMENT_TARGET = 9.1;
				LD_RUNPATH_SEARCH_PATHS = "$(inherited) @executable_path/Frameworks";
				PRODUCT_BUNDLE_IDENTIFIER = "com.aviteri.Simple-Todo";
				PRODUCT_NAME = "$(TARGET_NAME)";
				SWIFT_VERSION = 4.0;
				TARGETED_DEVICE_FAMILY = 1;
			};
			name = Debug;
		};
		492452351FF6549C0089EAFE /* Release */ = {
			isa = XCBuildConfiguration;
			baseConfigurationReference = B74F18DB53F4372B2813FE70 /* Pods-Simple Todo.release.xcconfig */;
			buildSettings = {
				ALWAYS_EMBED_SWIFT_STANDARD_LIBRARIES = YES;
				ASSETCATALOG_COMPILER_APPICON_NAME = AppIcon;
				CODE_SIGN_ENTITLEMENTS = "Simple Todo/Simple Todo.entitlements";
				CODE_SIGN_STYLE = Automatic;
				DEVELOPMENT_TEAM = 5AD3GF88X5;
				INFOPLIST_FILE = "Simple Todo/Info.plist";
				IPHONEOS_DEPLOYMENT_TARGET = 9.1;
				LD_RUNPATH_SEARCH_PATHS = "$(inherited) @executable_path/Frameworks";
				PRODUCT_BUNDLE_IDENTIFIER = "com.aviteri.Simple-Todo";
				PRODUCT_NAME = "$(TARGET_NAME)";
				SWIFT_VERSION = 4.0;
				TARGETED_DEVICE_FAMILY = 1;
			};
			name = Release;
		};
/* End XCBuildConfiguration section */

/* Begin XCConfigurationList section */
		490298441FF9CCA600D74BE0 /* Build configuration list for PBXNativeTarget "QuickTodo" */ = {
			isa = XCConfigurationList;
			buildConfigurations = (
				490298451FF9CCA600D74BE0 /* Debug */,
				490298461FF9CCA600D74BE0 /* Release */,
			);
			defaultConfigurationIsVisible = 0;
			defaultConfigurationName = Release;
		};
		4924521C1FF6549C0089EAFE /* Build configuration list for PBXProject "Today Tomorrow" */ = {
			isa = XCConfigurationList;
			buildConfigurations = (
				492452311FF6549C0089EAFE /* Debug */,
				492452321FF6549C0089EAFE /* Release */,
			);
			defaultConfigurationIsVisible = 0;
			defaultConfigurationName = Release;
		};
		492452331FF6549C0089EAFE /* Build configuration list for PBXNativeTarget "Simple Todo" */ = {
			isa = XCConfigurationList;
			buildConfigurations = (
				492452341FF6549C0089EAFE /* Debug */,
				492452351FF6549C0089EAFE /* Release */,
			);
			defaultConfigurationIsVisible = 0;
			defaultConfigurationName = Release;
		};
/* End XCConfigurationList section */
	};
	rootObject = 492452191FF6549C0089EAFE /* Project object */;
}
